
Microsoft Visual Studio Solution File, Format Version 12.00
# Visual Studio Version 17
VisualStudioVersion = 17.0.31903.59
MinimumVisualStudioVersion = 10.0.40219.1
Project("{FAE04EC0-301F-11D3-BF4B-00C04F79EFBC}") = "TicTacToe", "TicTacToe\TicTacToe.csproj", "{2AF4D54B-6042-415E-8031-6BCEFBCA02BF}"
EndProject
Project("{FAE04EC0-301F-11D3-BF4B-00C04F79EFBC}") = "TicTacToe.Tests", "TicTacToe.Tests\TicTacToe.Tests.csproj", "{4CCDFDA3-C443-46A5-BB51-2A0132AC6C23}"
EndProject
Global
	GlobalSection(SolutionConfigurationPlatforms) = preSolution
		Debug|Any CPU = Debug|Any CPU
		Release|Any CPU = Release|Any CPU
	EndGlobalSection
	GlobalSection(SolutionProperties) = preSolution
		HideSolutionNode = FALSE
	EndGlobalSection
	GlobalSection(ProjectConfigurationPlatforms) = postSolution
		{2AF4D54B-6042-415E-8031-6BCEFBCA02BF}.Debug|Any CPU.ActiveCfg = Debug|Any CPU
		{2AF4D54B-6042-415E-8031-6BCEFBCA02BF}.Debug|Any CPU.Build.0 = Debug|Any CPU
		{2AF4D54B-6042-415E-8031-6BCEFBCA02BF}.Release|Any CPU.ActiveCfg = Release|Any CPU
		{2AF4D54B-6042-415E-8031-6BCEFBCA02BF}.Release|Any CPU.Build.0 = Release|Any CPU
		{4CCDFDA3-C443-46A5-BB51-2A0132AC6C23}.Debug|Any CPU.ActiveCfg = Debug|Any CPU
		{4CCDFDA3-C443-46A5-BB51-2A0132AC6C23}.Debug|Any CPU.Build.0 = Debug|Any CPU
		{4CCDFDA3-C443-46A5-BB51-2A0132AC6C23}.Release|Any CPU.ActiveCfg = Release|Any CPU
		{4CCDFDA3-C443-46A5-BB51-2A0132AC6C23}.Release|Any CPU.Build.0 = Release|Any CPU
	EndGlobalSection
EndGlobal
